version = 1
revision = 3
requires-python = ">=3.11"

[[package]]
name = "anyio"
version = "4.14.2"
source = { registry = "https://pypi.org/simple" }
dependencies = [
    { name = "idna" },
    { name = "typing-extensions", marker = "python_full_version < '3.13'" },
]
sdist = { url = "https://files.pythonhosted.org/packages/61/cc/a381afa6efea9f496eff839d4a6a1aed3bfafc7b3ab4b0d1b243a12573dd/anyio-4.14.2.tar.gz", hash = "sha256:cfa139f3ed1a23ee8f88a145ddb5ac7605b8bbfd8592baacd7ce3d8bb4313c7f", size = 260176, upload-time = "2026-07-12T20:29:07.082Z" }
wheels = [
    { url = "https://files.pythonhosted.org/packages/da/35/f2287558c17e29fafc8ef3daf819bb9834061cfa43bff8014f7df7f63bdc/anyio-4.14.2-py3-none-any.whl", hash = "sha256:9f505dda5ac9f0c8309b5e8bd445a8c2bf7246f3ce950121e45ea15bc41d1494", size = 125813, upload-time = "2026-07-12T20:29:05.763Z" },
]

[[package]]
name = "attrs"
version = "26.1.0"
source = { registry = "https://pypi.org/simple" }
sdist = { url = "https://files.pythonhosted.org/packages/9a/8e/82a0fe20a541c03148528be8cac2408564a6c9a0cc7e9171802bc1d26985/attrs-26.1.0.tar.gz", hash = "sha256:d03ceb89cb322a8fd706d4fb91940737b6642aa36998fe130a9bc96c985eff32", size = 952055, upload-time = "2026-03-19T14:22:25.026Z" }
wheels = [
    { url = "https://files.pythonhosted.org/packages/64/b4/17d4b0b2a2dc85a6df63d1157e028ed19f90d4cd97c36717afef2bc2f395/attrs-26.1.0-py3-none-any.whl", hash = "sha256:c647aa4a12dfbad9333ca4e71fe62ddc36f4e63b2d260a37a8b83d2f043ac309", size = 67548, upload-time = "2026-03-19T14:22:23.645Z" },
]

[[package]]
name = "boto3"
version = "1.43.65"
source = { registry = "https://pypi.org/simple" }
dependencies = [
    { name = "botocore" },
    { name = "jmespath" },
    { name = "s3transfer" },
]
sdist = { url = "https://files.pythonhosted.org/packages/51/87/d61a5a76088240012800f303d3b910c259f6c630e395a013fa1a1216fdae/boto3-1.43.65.tar.gz", hash = "sha256:f2331154aee1ae97ece48077d77f41d3bd5ea39eb4e3037030448b58695a3a79", size = 112676, upload-time = "2026-08-05T19:25:01.257Z" }
wheels = [
    { url = "https://files.pythonhosted.org/packages/ec/df/694d81db07214fd98e37836ad114d175680daa127f5be8fb2abe00d949af/boto3-1.43.65-py3-none-any.whl", hash = "sha256:a8217fb68cae3f8a7575eef395383b68b846d92d29b0e8f6e948e6e9e08dcc3f", size = 140024, upload-time = "2026-08-05T19:24:58.853Z" },
]

[[package]]
name = "botocore"
version = "1.43.65"
source = { registry = "https://pypi.org/simple" }
dependencies = [
    { name = "jmespath" },
    { name = "python-dateutil" },
    { name = "urllib3" },
]
sdist = { url = "https://files.pythonhosted.org/packages/fa/86/65c298732919b84a3ecf331caeb47b8efcc1ce0537e8fdecad2cfee39174/botocore-1.43.65.tar.gz", hash = "sha256:eea5440cf4b850d0f4de4f7eda418c325c87de6d8980873f8b636bb482b31d0f", size = 15842580, upload-time = "2026-08-05T19:24:55.745Z" }
wheels = [
    { url = "https://files.pythonhosted.org/packages/25/0a/3b84332d8dc2acf6af269f8175f94159ad495a7de29e5f335f933f0b5da4/botocore-1.43.65-py3-none-any.whl", hash = "sha256:41a13d9a1954d786f90cdbba0be0953fe9b9389f240b5ff71340c4706ea40135", size = 15526731, upload-time = "2026-08-05T19:24:52.175Z" },
]

[[package]]
name = "certifi"
version = "2026.7.22"
source = { registry = "https://pypi.org/simple" }
sdist = { url = "https://files.pythonhosted.org/packages/a3/c2/24167ea9858356b47a87a50d39908bfdb72ceeefe0041586e704e5376b3a/certifi-2026.7.22.tar.gz", hash = "sha256:741e2c3b351ddf169a738da9f2c048608ff7f2c5cc02f1ebc6b118bb090d5d55", size = 138112, upload-time = "2026-07-22T03:35:12.644Z" }
wheels = [
    { url = "https://files.pythonhosted.org/packages/0b/a7/71ac2cff56fec219ed242bb11b8efb69fcc4bec75db06fb7bfe35de520e6/certifi-2026.7.22-py3-none-any.whl", hash = "sha256:62f22742b58a1a33014a2b6b706588a8d7e2a88ae7bd1a6ebe8c992928483775", size = 136983, upload-time = "2026-07-22T03:35:11.276Z" },
]

[[package]]
name = "colorama"
version = "0.4.6"
source = { registry = "https://pypi.org/simple" }
sdist = { url = "https://files.pythonhosted.org/packages/d8/53/6f443c9a4a8358a93a6792e2acffb9d9d5cb0a5cfd8802644b7b1c9a02e4/colorama-0.4.6.tar.gz", hash = "sha256:08695f5cb7ed6e0531a20572697297273c47b8cae5a63ffc6d6ed5c201be6e44", size = 27697, upload-time = "2022-10-25T02:36:22.414Z" }
wheels = [
    { url = "https://files.pythonhosted.org/packages/d1/d6/3965ed04c63042e047cb6a3e6ed1a63a35087b6a609aa3a15ed8ac56c221/colorama-0.4.6-py2.py3-none-any.whl", hash = "sha256:4f1d9991f5acc0ca119f9d443620b77f9d6b33703e51011c16baf57afb285fc6", size = 25335, upload-time = "2022-10-25T02:36:20.889Z" },
]

[[package]]
name = "cyclopts"
version = "4.22.5"
source = { registry = "https://pypi.org/simple" }
dependencies = [
    { name = "attrs" },
    { name = "docstring-parser" },
    { name = "rich" },
    { name = "rich-rst" },
]
sdist = { url = "https://files.pythonhosted.org/packages/be/05/689617b7e86503417c172f577d791524cb13b9697303d5d44409a971ba10/cyclopts-4.22.5.tar.gz", hash = "sha256:94044506317462cad90fb01a917dadce1f48a0915ba3605dc8d178dea1229e24", size = 195144, upload-time = "2026-08-04T13:53:00.303Z" }
wheels = [
    { url = "https://files.pythonhosted.org/packages/83/58/bcab9c33fb7a25a1f5970f357c5b19729bc81d50615d2f737b20c4255909/cyclopts-4.22.5-py3-none-any.whl", hash = "sha256:cf9ce285836053d156730ea4ea0ad0c75cf63beb3f3d8edf222a795bc57666ab", size = 234557, upload-time = "2026-08-04T13:52:58.509Z" },
]

[[package]]
name = "docstring-parser"
version = "0.18.0"
source = { registry = "https://pypi.org/simple" }
sdist = { url = "https://files.pythonhosted.org/packages/e0/4d/f332313098c1de1b2d2ff91cf2674415cc7cddab2ca1b01ae29774bd5fdf/docstring_parser-0.18.0.tar.gz", hash = "sha256:292510982205c12b1248696f44959db3cdd1740237a968ea1e2e7a900eeb2015", size = 29341, upload-time = "2026-04-14T04:09:19.867Z" }
wheels = [
    { url = "https://files.pythonhosted.org/packages/a7/5f/ed01f9a3cdffbd5a008556fc7b2a08ddb1cc6ace7effa7340604b1d16699/docstring_parser-0.18.0-py3-none-any.whl", hash = "sha256:b3fcbed555c47d8479be0796ef7e19c2670d428d72e96da63f3a40122860374b", size = 22484, upload-time = "2026-04-14T04:09:18.638Z" },
]

[[package]]
name = "h11"
version = "0.16.0"
source = { registry = "https://pypi.org/simple" }
sdist = { url = "https://files.pythonhosted.org/packages/01/ee/02a2c011bdab74c6fb3c75474d40b3052059d95df7e73351460c8588d963/h11-0.16.0.tar.gz", hash = "sha256:4e35b956cf45792e4caa5885e69fba00bdbc6ffafbfa020300e549b208ee5ff1", size = 101250, upload-time = "2025-04-24T03:35:25.427Z" }
wheels = [
    { url = "https://files.pythonhosted.org/packages/04/4b/29cac41a4d98d144bf5f6d33995617b185d14b22401f75ca86f384e87ff1/h11-0.16.0-py3-none-any.whl", hash = "sha256:63cf8bbe7522de3bf65932fda1d9c2772064ffb3dae62d55932da54b31cb6c86", size = 37515, upload-time = "2025-04-24T03:35:24.344Z" },
]

[[package]]
name = "httpcore"
version = "1.0.9"
source = { registry = "https://pypi.org/simple" }
dependencies = [
    { name = "certifi" },
    { name = "h11" },
]
sdist = { url = "https://files.pythonhosted.org/packages/06/94/82699a10bca87a5556c9c59b5963f2d039dbd239f25bc2a63907a05a14cb/httpcore-1.0.9.tar.gz", hash = "sha256:6e34463af53fd2ab5d807f399a9b45ea31c3dfa2276f15a2c3f00afff6e176e8", size = 85484, upload-time = "2025-04-24T22:06:22.219Z" }
wheels = [
    { url = "https://files.pythonhosted.org/packages/7e/f5/f66802a942d491edb555dd61e3a9961140fd64c90bce1eafd741609d334d/httpcore-1.0.9-py3-none-any.whl", hash = "sha256:2d400746a40668fc9dec9810239072b40b4484b640a8c38fd654a024c7a1bf55", size = 78784, upload-time = "2025-04-24T22:06:20.566Z" },
]

[[package]]
name = "httpx"
version = "0.28.1"
source = { registry = "https://pypi.org/simple" }
dependencies = [
    { name = "anyio" },
    { name = "certifi" },
    { name = "httpcore" },
    { name = "idna" },
]
sdist = { url = "https://files.pythonhosted.org/packages/b1/df/48c586a5fe32a0f01324ee087459e112ebb7224f646c0b5023f5e79e9956/httpx-0.28.1.tar.gz", hash = "sha256:75e98c5f16b0f35b567856f597f06ff2270a374470a5c2392242528e3e3e42fc", size = 141406, upload-time = "2024-12-06T15:37:23.222Z" }
wheels = [
    { url = "https://files.pythonhosted.org/packages/2a/39/e50c7c3a983047577ee07d2a9e53faf5a69493943ec3f6a384bdc792deb2/httpx-0.28.1-py3-none-any.whl", hash = "sha256:d909fcccc110f8c7faf814ca82a9a4d816bc5a6dbfea25d6591d6985b8ba59ad", size = 73517, upload-time = "2024-12-06T15:37:21.509Z" },
]

[[package]]
name = "idna"
version = "3.18"
source = { registry = "https://pypi.org/simple" }
sdist = { url = "https://files.pythonhosted.org/packages/cd/63/9496c57188a2ee585e0f1db071d75089a11e98aa86eb99d9d7618fc1edce/idna-3.18.tar.gz", hash = "sha256:ffb385a7e039654cef1ab9ef32c6fafe283c0c0467bba1d9029738ce4a14a848", size = 196711, upload-time = "2026-06-02T14:34:07.794Z" }
wheels = [
    { url = "https://files.pythonhosted.org/packages/1e/5e/d4e9f1a599fb8e573b7b87160658329fbf28d19eac2718f51fc3def3aa5a/idna-3.18-py3-none-any.whl", hash = "sha256:7f952cbe720b688055e3f87de14f5c3e5fdaa8bc3928985c4077ca689de849a2", size = 65455, upload-time = "2026-06-02T14:34:06.319Z" },
]

[[package]]
name = "iniconfig"
version = "2.3.0"
source = { registry = "https://pypi.org/simple" }
sdist = { url = "https://files.pythonhosted.org/packages/72/34/14ca021ce8e5dfedc35312d08ba8bf51fdd999c576889fc2c24cb97f4f10/iniconfig-2.3.0.tar.gz", hash = "sha256:c76315c77db068650d49c5b56314774a7804df16fee4402c1f19d6d15d8c4730", size = 20503, upload-time = "2025-10-18T21:55:43.219Z" }
wheels = [
    { url = "https://files.pythonhosted.org/packages/cb/b1/3846dd7f199d53cb17f49cba7e651e9ce294d8497c8c150530ed11865bb8/iniconfig-2.3.0-py3-none-any.whl", hash = "sha256:f631c04d2c48c52b84d0d0549c99ff3859c98df65b3101406327ecc7d53fbf12", size = 7484, upload-time = "2025-10-18T21:55:41.639Z" },
]

[[package]]
name = "jmespath"
version = "1.1.0"
source = { registry = "https://pypi.org/simple" }
sdist = { url = "https://files.pythonhosted.org/packages/d3/59/322338183ecda247fb5d1763a6cbe46eff7222eaeebafd9fa65d4bf5cb11/jmespath-1.1.0.tar.gz", hash = "sha256:472c87d80f36026ae83c6ddd0f1d05d4e510134ed462851fd5f754c8c3cbb88d", size = 27377, upload-time = "2026-01-22T16:35:26.279Z" }
wheels = [
    { url = "https://files.pythonhosted.org/packages/14/2f/967ba146e6d58cf6a652da73885f52fc68001525b4197effc174321d70b4/jmespath-1.1.0-py3-none-any.whl", hash = "sha256:a5663118de4908c91729bea0acadca56526eb2698e83de10cd116ae0f4e97c64", size = 20419, upload-time = "2026-01-22T16:35:24.919Z" },
]

[[package]]
name = "markdown-it-py"
version = "4.2.0"
source = { registry = "https://pypi.org/simple" }
dependencies = [
    { name = "mdurl" },
]
sdist = { url = "https://files.pythonhosted.org/packages/06/ff/7841249c247aa650a76b9ee4bbaeae59370dc8bfd2f6c01f3630c35eb134/markdown_it_py-4.2.0.tar.gz", hash = "sha256:04a21681d6fbb623de53f6f364d352309d4094dd4194040a10fd51833e418d49", size = 82454, upload-time = "2026-05-07T12:08:28.36Z" }
wheels = [
    { url = "https://files.pythonhosted.org/packages/b3/81/4da04ced5a082363ecfa159c010d200ecbd959ae410c10c0264a38cac0f5/markdown_it_py-4.2.0-py3-none-any.whl", hash = "sha256:9f7ebbcd14fe59494226453aed97c1070d83f8d24b6fc3a3bcf9a38092641c4a", size = 91687, upload-time = "2026-05-07T12:08:27.182Z" },
]

[[package]]
name = "mdurl"
version = "0.1.2"
source = { registry = "https://pypi.org/simple" }
sdist = { url = "https://files.pythonhosted.org/packages/d6/54/cfe61301667036ec958cb99bd3efefba235e65cdeb9c84d24a8293ba1d90/mdurl-0.1.2.tar.gz", hash = "sha256:bb413d29f5eea38f31dd4754dd7377d4465116fb207585f97bf925588687c1ba", size = 8729, upload-time = "2022-08-14T12:40:10.846Z" }
wheels = [
    { url = "https://files.pythonhosted.org/packages/b3/38/89ba8ad64ae25be8de66a6d463314cf1eb366222074cfda9ee839c56a4b4/mdurl-0.1.2-py3-none-any.whl", hash = "sha256:84008a41e51615a49fc9966191ff91509e3c40b939176e643fd50a5c2196b8f8", size = 9979, upload-time = "2022-08-14T12:40:09.779Z" },
]

[[package]]
name = "microvms-agentd-client"
version = "0.1.1"
source = { editable = "." }
dependencies = [
    { name = "boto3" },
    { name = "cyclopts" },
    { name = "httpx" },
]

[package.optional-dependencies]
dev = [
    { name = "pytest" },
    { name = "ruff" },
]

[package.metadata]
requires-dist = [
    { name = "boto3", specifier = ">=1.40" },
    { name = "cyclopts", specifier = ">=4.20,<5" },
    { name = "httpx", specifier = ">=0.27" },
    { name = "pytest", marker = "extra == 'dev'", specifier = ">=8.0" },
    { name = "ruff", marker = "extra == 'dev'", specifier = ">=0.6" },
]
provides-extras = ["dev"]

[[package]]
name = "packaging"
version = "26.3"
source = { registry = "https://pypi.org/simple" }
sdist = { url = "https://files.pythonhosted.org/packages/7d/fa/3944b40b07da9ce895c0e6303a5ab7d53da063554f534556b134a54d6093/packaging-26.3.tar.gz", hash = "sha256:94edc256424af38762eb31306eed28beb9f0efc50a8837492c9d6fd6004aed79", size = 313412, upload-time = "2026-08-04T18:15:28.737Z" }
wheels = [
    { url = "https://files.pythonhosted.org/packages/63/34/ba1c580383c9eada3711951fef0795c80b829a078d72188184bcab9dd527/packaging-26.3-py3-none-any.whl", hash = "sha256:d7193f7c8e4e93f444fde0262bf90af30e16fa0ad0ad44cb553c87339b23cd1c", size = 129956, upload-time = "2026-08-04T18:15:27.159Z" },
]

[[package]]
name = "pluggy"
version = "1.6.0"
source = { registry = "https://pypi.org/simple" }
sdist = { url = "https://files.pythonhosted.org/packages/f9/e2/3e91f31a7d2b083fe6ef3fa267035b518369d9511ffab804f839851d2779/pluggy-1.6.0.tar.gz", hash = "sha256:7dcc130b76258d33b90f61b658791dede3486c3e6bfb003ee5c9bfb396dd22f3", size = 69412, upload-time = "2025-05-15T12:30:07.975Z" }
wheels = [
    { url = "https://files.pythonhosted.org/packages/54/20/4d324d65cc6d9205fabedc306948156824eb9f0ee1633355a8f7ec5c66bf/pluggy-1.6.0-py3-none-any.whl", hash = "sha256:e920276dd6813095e9377c0bc5566d94c932c33b27a3e3945d8389c374dd4746", size = 20538, upload-time = "2025-05-15T12:30:06.134Z" },
]

[[package]]
name = "pygments"
version = "2.20.0"
source = { registry = "https://pypi.org/simple" }
sdist = { url = "https://files.pythonhosted.org/packages/c3/b2/bc9c9196916376152d655522fdcebac55e66de6603a76a02bca1b6414f6c/pygments-2.20.0.tar.gz", hash = "sha256:6757cd03768053ff99f3039c1a36d6c0aa0b263438fcab17520b30a303a82b5f", size = 4955991, upload-time = "2026-03-29T13:29:33.898Z" }
wheels = [
    { url = "https://files.pythonhosted.org/packages/f4/7e/a72dd26f3b0f4f2bf1dd8923c85f7ceb43172af56d63c7383eb62b332364/pygments-2.20.0-py3-none-any.whl", hash = "sha256:81a9e26dd42fd28a23a2d169d86d7ac03b46e2f8b59ed4698fb4785f946d0176", size = 1231151, upload-time = "2026-03-29T13:29:30.038Z" },
]

[[package]]
name = "pytest"
version = "9.1.1"
source = { registry = "https://pypi.org/simple" }
dependencies = [
    { name = "colorama", marker = "sys_platform == 'win32'" },
    { name = "iniconfig" },
    { name = "packaging" },
    { name = "pluggy" },
    { name = "pygments" },
]
sdist = { url = "https://files.pythonhosted.org/packages/e4/47/b9efed96c114afcfa3c9d3fe98a76a1d14c74a9e266d397cf6eb64be5e01/pytest-9.1.1.tar.gz", hash = "sha256:1088fbde8f2b49d95a549a195707afa7a76a3ce9bcadc26b6d71f0ffda5fe313", size = 1636369, upload-time = "2026-06-19T10:58:32.857Z" }
wheels = [
    { url = "https://files.pythonhosted.org/packages/24/25/1de2678b631f5a49215c6c96fff41ba892b0a34df68d6d80292b1b48aa7f/pytest-9.1.1-py3-none-any.whl", hash = "sha256:37a86b45efb9a47a61a36449063e8e18d0cab3161329fc099eb21783169c4f0c", size = 386536, upload-time = "2026-06-19T10:58:31.347Z" },
]

[[package]]
name = "python-dateutil"
version = "2.9.0.post0"
source = { registry = "https://pypi.org/simple" }
dependencies = [
    { name = "six" },
]
sdist = { url = "https://files.pythonhosted.org/packages/66/c0/0c8b6ad9f17a802ee498c46e004a0eb49bc148f2fd230864601a86dcf6db/python-dateutil-2.9.0.post0.tar.gz", hash = "sha256:37dd54208da7e1cd875388217d5e00ebd4179249f90fb72437e91a35459a0ad3", size = 342432, upload-time = "2024-03-01T18:36:20.211Z" }
wheels = [
    { url = "https://files.pythonhosted.org/packages/ec/57/56b9bcc3c9c6a792fcbaf139543cee77261f3651ca9da0c93f5c1221264b/python_dateutil-2.9.0.post0-py2.py3-none-any.whl", hash = "sha256:a8b2bc7bffae282281c8140a97d3aa9c14da0b136dfe83f850eea9a5f7470427", size = 229892, upload-time = "2024-03-01T18:36:18.57Z" },
]

[[package]]
name = "rich"
version = "15.0.0"
source = { registry = "https://pypi.org/simple" }
dependencies = [
    { name = "markdown-it-py" },
    { name = "pygments" },
]
sdist = { url = "https://files.pythonhosted.org/packages/c0/8f/0722ca900cc807c13a6a0c696dacf35430f72e0ec571c4275d2371fca3e9/rich-15.0.0.tar.gz", hash = "sha256:edd07a4824c6b40189fb7ac9bc4c52536e9780fbbfbddf6f1e2502c31b068c36", size = 230680, upload-time = "2026-04-12T08:24:00.75Z" }
wheels = [
    { url = "https://files.pythonhosted.org/packages/82/3b/64d4899d73f91ba49a8c18a8ff3f0ea8f1c1d75481760df8c68ef5235bf5/rich-15.0.0-py3-none-any.whl", hash = "sha256:33bd4ef74232fb73fe9279a257718407f169c09b78a87ad3d296f548e27de0bb", size = 310654, upload-time = "2026-04-12T08:24:02.83Z" },
]

[[package]]
name = "rich-rst"
version = "2.1.0"
source = { registry = "https://pypi.org/simple" }
dependencies = [
    { name = "pygments" },
    { name = "rich" },
]
sdist = { url = "https://files.pythonhosted.org/packages/e2/d6/d0b9fafc73b65767200da027acab1db1bdb1048f4fea5ebf659df01c700e/rich_rst-2.1.0.tar.gz", hash = "sha256:f4d117b49697f338769759fa5cacf5197da4888b347b9fda2e50aef5cd8d93bd", size = 302732, upload-time = "2026-07-05T02:59:44.308Z" }
wheels = [
    { url = "https://files.pythonhosted.org/packages/2a/68/1fc93dd759605b5d00fc98b50200739e41ed32bd22d6ba35ca6c3932371b/rich_rst-2.1.0-py3-none-any.whl", hash = "sha256:7ecd1343ee12c879d0e7ae74c3eb6d263b023d2929c6d114212eb1fd91057255", size = 272987, upload-time = "2026-07-05T02:59:42.792Z" },
]

[[package]]
name = "ruff"
version = "0.16.1"
source = { registry = "https://pypi.org/simple" }
sdist = { url = "https://files.pythonhosted.org/packages/70/25/7113f6d5498888c5fb7db34081cba7d5971c4cb1bfb26819966eee68f003/ruff-0.16.1.tar.gz", hash = "sha256:fedad7c801dabd3fb9741d76aca39246e6ddd9ca446a015875207bf19f1e6bc7", size = 4877500, upload-time = "2026-07-30T19:37:01.379Z" }
wheels = [
    { url = "https://files.pythonhosted.org/packages/1b/bd/694da69368e0973de65df2ddc73ab18d43c469d5963d9b150911de6bc513/ruff-0.16.1-py3-none-linux_armv6l.whl", hash = "sha256:58edb313b88f0c5460a26adf5f39a37a3be789494a15e3e411e35fa78b89f9a0", size = 10839126, upload-time = "2026-07-30T19:36:13.697Z" },
    { url = "https://files.pythonhosted.org/packages/3f/f0/b626e5d5bd0dd9576263658ef12885e2288afd1029a48e26ffed65ec1ac1/ruff-0.16.1-py3-none-macosx_10_12_x86_64.whl", hash = "sha256:fde5a99e2f97479af66edd6622c6d5a2a7592c77cf4153d9e4428f5eeb55b60c", size = 11070253, upload-time = "2026-07-30T19:36:17.14Z" },
    { url = "https://files.pythonhosted.org/packages/83/63/f40acfb6b35b88623e71684942b552c3edd96035f5d98f313815f7b277de/ruff-0.16.1-py3-none-macosx_11_0_arm64.whl", hash = "sha256:e0d4c20532fca4f7fa609369161d968dd28f65d83dabbd61d8e9c7edbf7001f6", size = 10561425, upload-time = "2026-07-30T19:36:20.04Z" },
    { url = "https://files.pythonhosted.org/packages/aa/dd/14ec0e9c2b4d315547dd38765004b4863e354e1b52cb308272215d9f6f6d/ruff-0.16.1-py3-none-manylinux_2_17_aarch64.manylinux2014_aarch64.whl", hash = "sha256:30affbcedf59ad5703d9c91f82266e02b47739f797e1a7b6e158e5526a6dae38", size = 10948879, upload-time = "2026-07-30T19:36:22.476Z" },
    { url = "https://files.pythonhosted.org/packages/33/e9/9d870cbae575030fdef595f04b4b97573c525b5497cce4f4498cf2f85446/ruff-0.16.1-py3-none-manylinux_2_17_armv7l.manylinux2014_armv7l.whl", hash = "sha256:24e9c631573cbca9d20f1283f8f479b2afa4a8503504822bd71a293889f16743", size = 10643691, upload-time = "2026-07-30T19:36:24.914Z" },
    { url = "https://files.pythonhosted.org/packages/c4/09/12743d544e2173f53ecd27217c65f90d2bc0f8424a66a60339e56bbc0457/ruff-0.16.1-py3-none-manylinux_2_17_i686.manylinux2014_i686.whl", hash = "sha256:b41bdd48fb420987a9b5212e4957c26ad4abce401fa9ea9d4d85843727945f4f", size = 11435354, upload-time = "2026-07-30T19:36:28.447Z" },
    { url = "https://files.pythonhosted.org/packages/7f/89/a1652b2daee52083c9554a6333b678a8b01d0400f976827bb87857f9449a/ruff-0.16.1-py3-none-manylinux_2_17_ppc64le.manylinux2014_ppc64le.whl", hash = "sha256:b0d1e1393b7648079e13669de1c1f4fde06d4583e84d8fd5c1551e0a77a2aa75", size = 12259033, upload-time = "2026-07-30T19:36:31.326Z" },
    { url = "https://files.pythonhosted.org/packages/16/96/ecdcb8c54ee7b123b487f807eb014e6e019155a0b81dfb669acd52f28ce3/ruff-0.16.1-py3-none-manylinux_2_17_s390x.manylinux2014_s390x.whl", hash = "sha256:07bf434b1c95f4e093be4532068ef4fcf00924eb2ade8796075980902d6fd54a", size = 11667981, upload-time = "2026-07-30T19:36:34.394Z" },
    { url = "https://files.pythonhosted.org/packages/cd/90/c52e12e0d862e9572f2a33aa227409143520abe53111e9a6babbac7b4af8/ruff-0.16.1-py3-none-manylinux_2_17_x86_64.manylinux2014_x86_64.whl", hash = "sha256:39897739f112253ee4fdd2e8aa9a4f9ded99fb2be367d5f31dfa4ded6025584c", size = 11468183, upload-time = "2026-07-30T19:36:37.339Z" },
    { url = "https://files.pythonhosted.org/packages/2c/6b/4ffb7ad1d83eb16cf8cbb3c8815d3f11c88460fd162d4b372a2059be1c2a/ruff-0.16.1-py3-none-manylinux_2_31_riscv64.whl", hash = "sha256:82ae3c0c0d74daf17b968a10b7b3bb3ef297ab7de0c1f749646b25e690ccb150", size = 11470071, upload-time = "2026-07-30T19:36:39.91Z" },
    { url = "https://files.pythonhosted.org/packages/9c/72/32ae7db4c0b5e32ab611787caa19d1546800676d79f7483b7100a3561bf4/ruff-0.16.1-py3-none-musllinux_1_2_aarch64.whl", hash = "sha256:4d5f2ed10f8242d83fc08d521301089364e3375375705356f20c0e31606ef3ef", size = 10919503, upload-time = "2026-07-30T19:36:42.65Z" },
    { url = "https://files.pythonhosted.org/packages/f7/ca/3d901ba6ad6fc38da39c3448fc6c59ac945679293a17c3ceb6d6c1cba13e/ruff-0.16.1-py3-none-musllinux_1_2_armv7l.whl", hash = "sha256:a4665b309891f83f3e3c25447935f1213e9abbd4b5640af7a1f2def9f8d413c1", size = 10649861, upload-time = "2026-07-30T19:36:45.18Z" },
    { url = "https://files.pythonhosted.org/packages/92/79/894ef1ced26552d5f8c9cf6d85b0687840e1128c55aeab7b9c2d54a0d880/ruff-0.16.1-py3-none-musllinux_1_2_i686.whl", hash = "sha256:26e9ca5c9bc3971f20d3cf18a957f52ffd6a5f6564ff15c4912a144dcac22494", size = 11148137, upload-time = "2026-07-30T19:36:47.936Z" },
    { url = "https://files.pythonhosted.org/packages/2d/69/3609a09fa1cb46cc28b762363e440a354204e5dff01bd0c8d7437874d6b9/ruff-0.16.1-py3-none-musllinux_1_2_x86_64.whl", hash = "sha256:67e1e1e3fa4f0c82f0e36d4cd61e661f6e7a6196cb1aa92fe0828fa7b8f257cd", size = 11559211, upload-time = "2026-07-30T19:36:50.448Z" },
    { url = "https://files.pythonhosted.org/packages/fc/8a/fb22af2fd78a736e241fabf67e30ce1799a64244026377a49e133af90762/ruff-0.16.1-py3-none-win32.whl", hash = "sha256:d31765e131295b8445caf301e3e8a85b34d1b9b211b4109b7ba457888b051806", size = 10838258, upload-time = "2026-07-30T19:36:53.298Z" },
    { url = "https://files.pythonhosted.org/packages/d4/35/e57fd9fb5d423961df087a00b12d42c0a830288dc2f3b45ecca299158b4f/ruff-0.16.1-py3-none-win_amd64.whl", hash = "sha256:09b05e8b90c2cb06ad63464350e7a45e8e44a2dfe52072ebfba6666ca8d3f596", size = 11961111, upload-time = "2026-07-30T19:36:56.107Z" },
    { url = "https://files.pythonhosted.org/packages/cb/46/240ea004bf6dc4feb40e9832f2205a476a47dd5b8a3f8211a5fc5f95e20e/ruff-0.16.1-py3-none-win_arm64.whl", hash = "sha256:dbaadaac38c70239f056d306b7476f246b0bf000fa6b3876402acbf5b227eaf8", size = 11309414, upload-time = "2026-07-30T19:36:58.79Z" },
]

[[package]]
name = "s3transfer"
version = "0.19.2"
source = { registry = "https://pypi.org/simple" }
dependencies = [
    { name = "botocore" },
]
sdist = { url = "https://files.pythonhosted.org/packages/76/43/35e4d8aa320bffe8287fe8f65f578fa2d2db0a64212f0e710dce58267854/s3transfer-0.19.2.tar.gz", hash = "sha256:ba0309fd86be3c27dbf78cdd813c13c5e1df16e5874b99d2535ebbdfb9892993", size = 165592, upload-time = "2026-07-22T19:30:44.432Z" }
wheels = [
    { url = "https://files.pythonhosted.org/packages/bc/e7/5c595c75e9f41a44f30e526eda465ea0b4eec93470e074e4a111b253f13a/s3transfer-0.19.2-py3-none-any.whl", hash = "sha256:d8168eccca828cbb2cd573675333f3bddd254313a9c42494b84c76b539e8ba25", size = 90216, upload-time = "2026-07-22T19:30:43.251Z" },
]

[[package]]
name = "six"
version = "1.17.0"
source = { registry = "https://pypi.org/simple" }
sdist = { url = "https://files.pythonhosted.org/packages/94/e7/b2c673351809dca68a0e064b6af791aa332cf192da575fd474ed7d6f16a2/six-1.17.0.tar.gz", hash = "sha256:ff70335d468e7eb6ec65b95b99d3a2836546063f63acc5171de367e834932a81", size = 34031, upload-time = "2024-12-04T17:35:28.174Z" }
wheels = [
    { url = "https://files.pythonhosted.org/packages/b7/ce/149a00dd41f10bc29e5921b496af8b574d8413afcd5e30dfa0ed46c2cc5e/six-1.17.0-py2.py3-none-any.whl", hash = "sha256:4721f391ed90541fddacab5acf947aa0d3dc7d27b2e1e8eda2be8970586c3274", size = 11050, upload-time = "2024-12-04T17:35:26.475Z" },
]

[[package]]
name = "typing-extensions"
version = "4.16.0"
source = { registry = "https://pypi.org/simple" }
sdist = { url = "https://files.pythonhosted.org/packages/f6/cc/6253133b5bb138fc3306cebfbda2c520f545d36b5be2c7255cc528bb45d6/typing_extensions-4.16.0.tar.gz", hash = "sha256:dc983d19a509c94dba722ee6abd33940f7c05a89e243c47e907eb4db6f1a43e5", size = 113555, upload-time = "2026-07-02T08:40:05.92Z" }
wheels = [
    { url = "https://files.pythonhosted.org/packages/49/d3/b8441a820a491ddfc024b0b0cf0393375b75ea13866d9c66727e54c2fc80/typing_extensions-4.16.0-py3-none-any.whl", hash = "sha256:481caa481374e813c1b176ada14e97f1f67a4539ce9cfeb3f350d78d6370c2e8", size = 45571, upload-time = "2026-07-02T08:40:04.659Z" },
]

[[package]]
name = "urllib3"
version = "2.7.0"
source = { registry = "https://pypi.org/simple" }
sdist = { url = "https://files.pythonhosted.org/packages/53/0c/06f8b233b8fd13b9e5ee11424ef85419ba0d8ba0b3138bf360be2ff56953/urllib3-2.7.0.tar.gz", hash = "sha256:231e0ec3b63ceb14667c67be60f2f2c40a518cb38b03af60abc813da26505f4c", size = 433602, upload-time = "2026-05-07T16:13:18.596Z" }
wheels = [
    { url = "https://files.pythonhosted.org/packages/7f/3e/5db95bcf282c52709639744ca2a8b149baccf648e39c8cc87553df9eae0c/urllib3-2.7.0-py3-none-any.whl", hash = "sha256:9fb4c81ebbb1ce9531cce37674bbc6f1360472bc18ca9a553ede278ef7276897", size = 131087, upload-time = "2026-05-07T16:13:17.151Z" },
]
